<?xml version="1.0" encoding="utf-8"?>
<Project ToolsVersion="4.0" xmlns="http://schemas.microsoft.com/developer/msbuild/2003">
  <ItemGroup>
    <Filter Include="api">
      <UniqueIdentifier>{5F5E880B-CB67-887C-54E3-9E7CC0EB937C}</UniqueIdentifier>
    </Filter>
    <Filter Include="api\stop_condition">
      <UniqueIdentifier>{7A1A54F8-66FE-144E-CF5E-0FA1BB61FFCF}</UniqueIdentifier>
    </Filter>
    <Filter Include="compute_engine">
      <UniqueIdentifier>{D75846EC-C326-3AF2-ACBA-AA1898271657}</UniqueIdentifier>
    </Filter>
    <Filter Include="compute_engine\cuda">
      <UniqueIdentifier>{633F0DC7-CFA0-EAD4-580E-3187C46E2194}</UniqueIdentifier>
    </Filter>
    <Filter Include="compute_engine\opencl">
      <UniqueIdentifier>{07E2FEDA-734E-BAD5-3C42-5233A86DDC3D}</UniqueIdentifier>
    </Filter>
    <Filter Include="compute_engine\vulkan">
      <UniqueIdentifier>{9742B1EB-03AF-6CE6-CCA2-044438CE8E4E}</UniqueIdentifier>
    </Filter>
    <Filter Include="dto">
      <UniqueIdentifier>{AC6B880B-1875-887C-A1F0-9E7C0DF9937C}</UniqueIdentifier>
    </Filter>
    <Filter Include="enum">
      <UniqueIdentifier>{3A55967C-268C-970D-CF78-7D10BB8E130F}</UniqueIdentifier>
    </Filter>
    <Filter Include="kernel">
      <UniqueIdentifier>{860FDB08-72B1-05DF-5B6C-193347AD8C2F}</UniqueIdentifier>
    </Filter>
    <Filter Include="kernel_argument">
      <UniqueIdentifier>{289A98EA-9425-06AF-9D36-89A3094162AF}</UniqueIdentifier>
    </Filter>
    <Filter Include="tuning_runner">
      <UniqueIdentifier>{B3F7B178-1FB8-2DAF-E8F2-762C5472728B}</UniqueIdentifier>
    </Filter>
    <Filter Include="tuning_runner\searcher">
      <UniqueIdentifier>{4F09ECA2-3B03-15F5-2470-AB0510097B61}</UniqueIdentifier>
    </Filter>
    <Filter Include="utility">
      <UniqueIdentifier>{79DE5C48-E5BD-DBE3-EED5-66BA5A344245}</UniqueIdentifier>
    </Filter>
  </ItemGroup>
  <ItemGroup>
    <ClInclude Include="..\source\api\computation_result.h">
      <Filter>api</Filter>
    </ClInclude>
    <ClInclude Include="..\source\api\device_info.h">
      <Filter>api</Filter>
    </ClInclude>
    <ClInclude Include="..\source\api\dimension_vector.h">
      <Filter>api</Filter>
    </ClInclude>
    <ClInclude Include="..\source\api\kernel_profiling_counter.h">
      <Filter>api</Filter>
    </ClInclude>
    <ClInclude Include="..\source\api\kernel_profiling_data.h">
      <Filter>api</Filter>
    </ClInclude>
    <ClInclude Include="..\source\api\output_descriptor.h">
      <Filter>api</Filter>
    </ClInclude>
    <ClInclude Include="..\source\api\parameter_pair.h">
      <Filter>api</Filter>
    </ClInclude>
    <ClInclude Include="..\source\api\platform_info.h">
      <Filter>api</Filter>
    </ClInclude>
    <ClInclude Include="..\source\api\reference_class.h">
      <Filter>api</Filter>
    </ClInclude>
    <ClInclude Include="..\source\api\stop_condition\configuration_count.h">
      <Filter>api\stop_condition</Filter>
    </ClInclude>
    <ClInclude Include="..\source\api\stop_condition\configuration_duration.h">
      <Filter>api\stop_condition</Filter>
    </ClInclude>
    <ClInclude Include="..\source\api\stop_condition\configuration_fraction.h">
      <Filter>api\stop_condition</Filter>
    </ClInclude>
    <ClInclude Include="..\source\api\stop_condition\stop_condition.h">
      <Filter>api\stop_condition</Filter>
    </ClInclude>
    <ClInclude Include="..\source\api\stop_condition\tuning_duration.h">
      <Filter>api\stop_condition</Filter>
    </ClInclude>
    <ClInclude Include="..\source\api\tuning_manipulator.h">
      <Filter>api</Filter>
    </ClInclude>
    <ClInclude Include="..\source\compute_engine\compute_engine.h">
      <Filter>compute_engine</Filter>
    </ClInclude>
    <ClInclude Include="..\source\compute_engine\cuda\cuda_buffer.h">
      <Filter>compute_engine\cuda</Filter>
    </ClInclude>
    <ClInclude Include="..\source\compute_engine\cuda\cuda_context.h">
      <Filter>compute_engine\cuda</Filter>
    </ClInclude>
    <ClInclude Include="..\source\compute_engine\cuda\cuda_device.h">
      <Filter>compute_engine\cuda</Filter>
    </ClInclude>
    <ClInclude Include="..\source\compute_engine\cuda\cuda_engine.h">
      <Filter>compute_engine\cuda</Filter>
    </ClInclude>
    <ClInclude Include="..\source\compute_engine\cuda\cuda_event.h">
      <Filter>compute_engine\cuda</Filter>
    </ClInclude>
    <ClInclude Include="..\source\compute_engine\cuda\cuda_kernel.h">
      <Filter>compute_engine\cuda</Filter>
    </ClInclude>
    <ClInclude Include="..\source\compute_engine\cuda\cuda_profiling_metric.h">
      <Filter>compute_engine\cuda</Filter>
    </ClInclude>
    <ClInclude Include="..\source\compute_engine\cuda\cuda_profiling_state.h">
      <Filter>compute_engine\cuda</Filter>
    </ClInclude>
    <ClInclude Include="..\source\compute_engine\cuda\cuda_program.h">
      <Filter>compute_engine\cuda</Filter>
    </ClInclude>
    <ClInclude Include="..\source\compute_engine\cuda\cuda_stream.h">
      <Filter>compute_engine\cuda</Filter>
    </ClInclude>
    <ClInclude Include="..\source\compute_engine\cuda\cuda_utility.h">
      <Filter>compute_engine\cuda</Filter>
    </ClInclude>
    <ClInclude Include="..\source\compute_engine\opencl\opencl_buffer.h">
      <Filter>compute_engine\opencl</Filter>
    </ClInclude>
    <ClInclude Include="..\source\compute_engine\opencl\opencl_command_queue.h">
      <Filter>compute_engine\opencl</Filter>
    </ClInclude>
    <ClInclude Include="..\source\compute_engine\opencl\opencl_context.h">
      <Filter>compute_engine\opencl</Filter>
    </ClInclude>
    <ClInclude Include="..\source\compute_engine\opencl\opencl_device.h">
      <Filter>compute_engine\opencl</Filter>
    </ClInclude>
    <ClInclude Include="..\source\compute_engine\opencl\opencl_engine.h">
      <Filter>compute_engine\opencl</Filter>
    </ClInclude>
    <ClInclude Include="..\source\compute_engine\opencl\opencl_event.h">
      <Filter>compute_engine\opencl</Filter>
    </ClInclude>
    <ClInclude Include="..\source\compute_engine\opencl\opencl_kernel.h">
      <Filter>compute_engine\opencl</Filter>
    </ClInclude>
    <ClInclude Include="..\source\compute_engine\opencl\opencl_platform.h">
      <Filter>compute_engine\opencl</Filter>
    </ClInclude>
    <ClInclude Include="..\source\compute_engine\opencl\opencl_program.h">
      <Filter>compute_engine\opencl</Filter>
    </ClInclude>
    <ClInclude Include="..\source\compute_engine\opencl\opencl_utility.h">
      <Filter>compute_engine\opencl</Filter>
    </ClInclude>
    <ClInclude Include="..\source\compute_engine\vulkan\shaderc_compiler.h">
      <Filter>compute_engine\vulkan</Filter>
    </ClInclude>
    <ClInclude Include="..\source\compute_engine\vulkan\vulkan_buffer.h">
      <Filter>compute_engine\vulkan</Filter>
    </ClInclude>
    <ClInclude Include="..\source\compute_engine\vulkan\vulkan_command_buffer_holder.h">
      <Filter>compute_engine\vulkan</Filter>
    </ClInclude>
    <ClInclude Include="..\source\compute_engine\vulkan\vulkan_command_pool.h">
      <Filter>compute_engine\vulkan</Filter>
    </ClInclude>
    <ClInclude Include="..\source\compute_engine\vulkan\vulkan_compute_pipeline.h">
      <Filter>compute_engine\vulkan</Filter>
    </ClInclude>
    <ClInclude Include="..\source\compute_engine\vulkan\vulkan_descriptor_pool.h">
      <Filter>compute_engine\vulkan</Filter>
    </ClInclude>
    <ClInclude Include="..\source\compute_engine\vulkan\vulkan_descriptor_set_holder.h">
      <Filter>compute_engine\vulkan</Filter>
    </ClInclude>
    <ClInclude Include="..\source\compute_engine\vulkan\vulkan_descriptor_set_layout.h">
      <Filter>compute_engine\vulkan</Filter>
    </ClInclude>
    <ClInclude Include="..\source\compute_engine\vulkan\vulkan_device.h">
      <Filter>compute_engine\vulkan</Filter>
    </ClInclude>
    <ClInclude Include="..\source\compute_engine\vulkan\vulkan_engine.h">
      <Filter>compute_engine\vulkan</Filter>
    </ClInclude>
    <ClInclude Include="..\source\compute_engine\vulkan\vulkan_event.h">
      <Filter>compute_engine\vulkan</Filter>
    </ClInclude>
    <ClInclude Include="..\source\compute_engine\vulkan\vulkan_fence.h">
      <Filter>compute_engine\vulkan</Filter>
    </ClInclude>
    <ClInclude Include="..\source\compute_engine\vulkan\vulkan_instance.h">
      <Filter>compute_engine\vulkan</Filter>
    </ClInclude>
    <ClInclude Include="..\source\compute_engine\vulkan\vulkan_physical_device.h">
      <Filter>compute_engine\vulkan</Filter>
    </ClInclude>
    <ClInclude Include="..\source\compute_engine\vulkan\vulkan_pipeline_cache_entry.h">
      <Filter>compute_engine\vulkan</Filter>
    </ClInclude>
    <ClInclude Include="..\source\compute_engine\vulkan\vulkan_query_pool.h">
      <Filter>compute_engine\vulkan</Filter>
    </ClInclude>
    <ClInclude Include="..\source\compute_engine\vulkan\vulkan_queue.h">
      <Filter>compute_engine\vulkan</Filter>
    </ClInclude>
    <ClInclude Include="..\source\compute_engine\vulkan\vulkan_semaphore.h">
      <Filter>compute_engine\vulkan</Filter>
    </ClInclude>
    <ClInclude Include="..\source\compute_engine\vulkan\vulkan_shader_module.h">
      <Filter>compute_engine\vulkan</Filter>
    </ClInclude>
    <ClInclude Include="..\source\compute_engine\vulkan\vulkan_utility.h">
      <Filter>compute_engine\vulkan</Filter>
    </ClInclude>
    <ClInclude Include="..\source\dto\kernel_result.h">
      <Filter>dto</Filter>
    </ClInclude>
    <ClInclude Include="..\source\dto\kernel_runtime_data.h">
      <Filter>dto</Filter>
    </ClInclude>
    <ClInclude Include="..\source\dto\local_memory_modifier.h">
      <Filter>dto</Filter>
    </ClInclude>
    <ClInclude Include="..\source\enum\argument_access_type.h">
      <Filter>enum</Filter>
    </ClInclude>
    <ClInclude Include="..\source\enum\argument_data_type.h">
      <Filter>enum</Filter>
    </ClInclude>
    <ClInclude Include="..\source\enum\argument_memory_location.h">
      <Filter>enum</Filter>
    </ClInclude>
    <ClInclude Include="..\source\enum\argument_upload_type.h">
      <Filter>enum</Filter>
    </ClInclude>
    <ClInclude Include="..\source\enum\compute_api.h">
      <Filter>enum</Filter>
    </ClInclude>
    <ClInclude Include="..\source\enum\device_type.h">
      <Filter>enum</Filter>
    </ClInclude>
    <ClInclude Include="..\source\enum\dimension_vector_type.h">
      <Filter>enum</Filter>
    </ClInclude>
    <ClInclude Include="..\source\enum\enum_bitfield.h">
      <Filter>enum</Filter>
    </ClInclude>
    <ClInclude Include="..\source\enum\global_size_type.h">
      <Filter>enum</Filter>
    </ClInclude>
    <ClInclude Include="..\source\enum\kernel_run_mode.h">
      <Filter>enum</Filter>
    </ClInclude>
    <ClInclude Include="..\source\enum\logging_level.h">
      <Filter>enum</Filter>
    </ClInclude>
    <ClInclude Include="..\source\enum\modifier_action.h">
      <Filter>enum</Filter>
    </ClInclude>
    <ClInclude Include="..\source\enum\modifier_dimension.h">
      <Filter>enum</Filter>
    </ClInclude>
    <ClInclude Include="..\source\enum\modifier_type.h">
      <Filter>enum</Filter>
    </ClInclude>
    <ClInclude Include="..\source\enum\print_format.h">
      <Filter>enum</Filter>
    </ClInclude>
    <ClInclude Include="..\source\enum\profiling_counter_type.h">
      <Filter>enum</Filter>
    </ClInclude>
    <ClInclude Include="..\source\enum\search_method.h">
      <Filter>enum</Filter>
    </ClInclude>
    <ClInclude Include="..\source\enum\time_unit.h">
      <Filter>enum</Filter>
    </ClInclude>
    <ClInclude Include="..\source\enum\validation_method.h">
      <Filter>enum</Filter>
    </ClInclude>
    <ClInclude Include="..\source\enum\validation_mode.h">
      <Filter>enum</Filter>
    </ClInclude>
    <ClInclude Include="..\source\half.hpp" />
    <ClInclude Include="..\source\kernel\kernel.h">
      <Filter>kernel</Filter>
    </ClInclude>
    <ClInclude Include="..\source\kernel\kernel_composition.h">
      <Filter>kernel</Filter>
    </ClInclude>
    <ClInclude Include="..\source\kernel\kernel_configuration.h">
      <Filter>kernel</Filter>
    </ClInclude>
    <ClInclude Include="..\source\kernel\kernel_constraint.h">
      <Filter>kernel</Filter>
    </ClInclude>
    <ClInclude Include="..\source\kernel\kernel_manager.h">
      <Filter>kernel</Filter>
    </ClInclude>
    <ClInclude Include="..\source\kernel\kernel_parameter.h">
      <Filter>kernel</Filter>
    </ClInclude>
    <ClInclude Include="..\source\kernel\kernel_parameter_pack.h">
      <Filter>kernel</Filter>
    </ClInclude>
    <ClInclude Include="..\source\kernel_argument\argument_manager.h">
      <Filter>kernel_argument</Filter>
    </ClInclude>
    <ClInclude Include="..\source\kernel_argument\kernel_argument.h">
      <Filter>kernel_argument</Filter>
    </ClInclude>
    <ClInclude Include="..\source\ktt_platform.h" />
    <ClInclude Include="..\source\ktt_types.h" />
    <ClInclude Include="..\source\tuner_api.h" />
    <ClInclude Include="..\source\tuner_core.h" />
    <ClInclude Include="..\source\tuning_runner\configuration_manager.h">
      <Filter>tuning_runner</Filter>
    </ClInclude>
    <ClInclude Include="..\source\tuning_runner\configuration_storage.h">
      <Filter>tuning_runner</Filter>
    </ClInclude>
    <ClInclude Include="..\source\tuning_runner\kernel_runner.h">
      <Filter>tuning_runner</Filter>
    </ClInclude>
    <ClInclude Include="..\source\tuning_runner\manipulator_interface.h">
      <Filter>tuning_runner</Filter>
    </ClInclude>
    <ClInclude Include="..\source\tuning_runner\manipulator_interface_implementation.h">
      <Filter>tuning_runner</Filter>
    </ClInclude>
    <ClInclude Include="..\source\tuning_runner\result_validator.h">
      <Filter>tuning_runner</Filter>
    </ClInclude>
    <ClInclude Include="..\source\tuning_runner\searcher\annealing_searcher.h">
      <Filter>tuning_runner\searcher</Filter>
    </ClInclude>
    <ClInclude Include="..\source\tuning_runner\searcher\full_searcher.h">
      <Filter>tuning_runner\searcher</Filter>
    </ClInclude>
    <ClInclude Include="..\source\tuning_runner\searcher\mcmc_searcher.h">
      <Filter>tuning_runner\searcher</Filter>
    </ClInclude>
    <ClInclude Include="..\source\tuning_runner\searcher\random_searcher.h">
      <Filter>tuning_runner\searcher</Filter>
    </ClInclude>
    <ClInclude Include="..\source\tuning_runner\searcher\searcher.h">
      <Filter>tuning_runner\searcher</Filter>
    </ClInclude>
    <ClInclude Include="..\source\tuning_runner\tuning_runner.h">
      <Filter>tuning_runner</Filter>
    </ClInclude>
    <ClInclude Include="..\source\utility\ktt_utility.h">
      <Filter>utility</Filter>
    </ClInclude>
    <ClInclude Include="..\source\utility\logger.h">
      <Filter>utility</Filter>
    </ClInclude>
    <ClInclude Include="..\source\utility\result_loader.h">
      <Filter>utility</Filter>
    </ClInclude>
    <ClInclude Include="..\source\utility\result_printer.h">
      <Filter>utility</Filter>
    </ClInclude>
    <ClInclude Include="..\source\utility\timer.h">
      <Filter>utility</Filter>
    </ClInclude>
    <ClInclude Include="..\source\tuning_runner\searcher\DLNezarat_searcher.h">
      <Filter>tuning_runner\searcher</Filter>
    </ClInclude>
    <ClInclude Include="..\source\enum\Hardware.h">
      <Filter>enum</Filter>
    </ClInclude>
    <ClInclude Include="..\source\enum\Architecture.h">
      <Filter>enum</Filter>
    </ClInclude>
  </ItemGroup>
  <ItemGroup>
    <ClCompile Include="..\source\api\computation_result.cpp">
      <Filter>api</Filter>
    </ClCompile>
    <ClCompile Include="..\source\api\device_info.cpp">
      <Filter>api</Filter>
    </ClCompile>
    <ClCompile Include="..\source\api\dimension_vector.cpp">
      <Filter>api</Filter>
    </ClCompile>
    <ClCompile Include="..\source\api\kernel_profiling_counter.cpp">
      <Filter>api</Filter>
    </ClCompile>
    <ClCompile Include="..\source\api\kernel_profiling_data.cpp">
      <Filter>api</Filter>
    </ClCompile>
    <ClCompile Include="..\source\api\output_descriptor.cpp">
      <Filter>api</Filter>
    </ClCompile>
    <ClCompile Include="..\source\api\parameter_pair.cpp">
      <Filter>api</Filter>
    </ClCompile>
    <ClCompile Include="..\source\api\platform_info.cpp">
      <Filter>api</Filter>
    </ClCompile>
    <ClCompile Include="..\source\api\tuning_manipulator.cpp">
      <Filter>api</Filter>
    </ClCompile>
    <ClCompile Include="..\source\compute_engine\cuda\cuda_engine.cpp">
      <Filter>compute_engine\cuda</Filter>
    </ClCompile>
    <ClCompile Include="..\source\compute_engine\cuda\cuda_utility.cpp">
      <Filter>compute_engine\cuda</Filter>
    </ClCompile>
    <ClCompile Include="..\source\compute_engine\opencl\opencl_engine.cpp">
      <Filter>compute_engine\opencl</Filter>
    </ClCompile>
    <ClCompile Include="..\source\compute_engine\opencl\opencl_utility.cpp">
      <Filter>compute_engine\opencl</Filter>
    </ClCompile>
    <ClCompile Include="..\source\compute_engine\vulkan\vulkan_engine.cpp">
      <Filter>compute_engine\vulkan</Filter>
    </ClCompile>
    <ClCompile Include="..\source\compute_engine\vulkan\vulkan_utility.cpp">
      <Filter>compute_engine\vulkan</Filter>
    </ClCompile>
    <ClCompile Include="..\source\dto\kernel_result.cpp">
      <Filter>dto</Filter>
    </ClCompile>
    <ClCompile Include="..\source\dto\kernel_runtime_data.cpp">
      <Filter>dto</Filter>
    </ClCompile>
    <ClCompile Include="..\source\dto\local_memory_modifier.cpp">
      <Filter>dto</Filter>
    </ClCompile>
    <ClCompile Include="..\source\kernel\kernel.cpp">
      <Filter>kernel</Filter>
    </ClCompile>
    <ClCompile Include="..\source\kernel\kernel_composition.cpp">
      <Filter>kernel</Filter>
    </ClCompile>
    <ClCompile Include="..\source\kernel\kernel_configuration.cpp">
      <Filter>kernel</Filter>
    </ClCompile>
    <ClCompile Include="..\source\kernel\kernel_constraint.cpp">
      <Filter>kernel</Filter>
    </ClCompile>
    <ClCompile Include="..\source\kernel\kernel_manager.cpp">
      <Filter>kernel</Filter>
    </ClCompile>
    <ClCompile Include="..\source\kernel\kernel_parameter.cpp">
      <Filter>kernel</Filter>
    </ClCompile>
    <ClCompile Include="..\source\kernel\kernel_parameter_pack.cpp">
      <Filter>kernel</Filter>
    </ClCompile>
    <ClCompile Include="..\source\kernel_argument\argument_manager.cpp">
      <Filter>kernel_argument</Filter>
    </ClCompile>
    <ClCompile Include="..\source\kernel_argument\kernel_argument.cpp">
      <Filter>kernel_argument</Filter>
    </ClCompile>
    <ClCompile Include="..\source\tuner_api.cpp" />
    <ClCompile Include="..\source\tuner_core.cpp" />
    <ClCompile Include="..\source\tuning_runner\configuration_manager.cpp">
      <Filter>tuning_runner</Filter>
    </ClCompile>
    <ClCompile Include="..\source\tuning_runner\configuration_storage.cpp">
      <Filter>tuning_runner</Filter>
    </ClCompile>
    <ClCompile Include="..\source\tuning_runner\kernel_runner.cpp">
      <Filter>tuning_runner</Filter>
    </ClCompile>
    <ClCompile Include="..\source\tuning_runner\manipulator_interface_implementation.cpp">
      <Filter>tuning_runner</Filter>
    </ClCompile>
    <ClCompile Include="..\source\tuning_runner\result_validator.cpp">
      <Filter>tuning_runner</Filter>
    </ClCompile>
    <ClCompile Include="..\source\tuning_runner\tuning_runner.cpp">
      <Filter>tuning_runner</Filter>
    </ClCompile>
    <ClCompile Include="..\source\utility\ktt_utility.cpp">
      <Filter>utility</Filter>
    </ClCompile>
    <ClCompile Include="..\source\utility\logger.cpp">
      <Filter>utility</Filter>
    </ClCompile>
    <ClCompile Include="..\source\utility\result_loader.cpp">
      <Filter>utility</Filter>
    </ClCompile>
    <ClCompile Include="..\source\utility\result_printer.cpp">
      <Filter>utility</Filter>
    </ClCompile>
    <ClCompile Include="..\source\utility\timer.cpp">
      <Filter>utility</Filter>
    </ClCompile>
  </ItemGroup>
  <ItemGroup>
    <None Include="..\source\tuning_runner\searcher\DLNezaratpredictor.py">
      <Filter>tuning_runner\searcher</Filter>
    </None>
  </ItemGroup>
</Project>